// !$*UTF8*$!
{
	archiveVersion = 1;
	classes = {
	};
	objectVersion = 56;
	objects = {

/* Begin PBXBuildFile section */
		4E0064FE2BCD80E300B36CCC /* AppDelegate.swift in Sources */ = {isa = PBXBuildFile; fileRef = 4E0064FD2BCD80E300B36CCC /* AppDelegate.swift */; };
		4E0065002BCD80E300B36CCC /* SceneDelegate.swift in Sources */ = {isa = PBXBuildFile; fileRef = 4E0064FF2BCD80E300B36CCC /* SceneDelegate.swift */; };
		4E0065022BCD80E300B36CCC /* HomeViewController.swift in Sources */ = {isa = PBXBuildFile; fileRef = 4E0065012BCD80E300B36CCC /* HomeViewController.swift */; };
		4E0065052BCD80E300B36CCC /* Main.storyboard in Resources */ = {isa = PBXBuildFile; fileRef = 4E0065032BCD80E300B36CCC /* Main.storyboard */; };
		4E0065072BCD80E400B36CCC /* Assets.xcassets in Resources */ = {isa = PBXBuildFile; fileRef = 4E0065062BCD80E400B36CCC /* Assets.xcassets */; };
		4E00650A2BCD80E400B36CCC /* LaunchScreen.storyboard in Resources */ = {isa = PBXBuildFile; fileRef = 4E0065082BCD80E400B36CCC /* LaunchScreen.storyboard */; };
		4E0065132BCD86E000B36CCC /* HomePresenter.swift in Sources */ = {isa = PBXBuildFile; fileRef = 4E0065122BCD86E000B36CCC /* HomePresenter.swift */; };
		4E0065152BCD879C00B36CCC /* HomeRouter.swift in Sources */ = {isa = PBXBuildFile; fileRef = 4E0065142BCD879C00B36CCC /* HomeRouter.swift */; };
		4E0065172BCD87FB00B36CCC /* DishesInteractor.swift in Sources */ = {isa = PBXBuildFile; fileRef = 4E0065162BCD87FB00B36CCC /* DishesInteractor.swift */; };
		4E0065192BCD894F00B36CCC /* HomeModel.swift in Sources */ = {isa = PBXBuildFile; fileRef = 4E0065182BCD894F00B36CCC /* HomeModel.swift */; };
		4E00651C2BCD8A8900B36CCC /* HomeModuleBuilder.swift in Sources */ = {isa = PBXBuildFile; fileRef = 4E00651B2BCD8A8900B36CCC /* HomeModuleBuilder.swift */; };
		4E1DCB3A2BFE62E200E8903B /* Alamofire in Frameworks */ = {isa = PBXBuildFile; productRef = 4E1DCB392BFE62E200E8903B /* Alamofire */; };
		4E1DCB3C2BFE62E200E8903B /* AlamofireDynamic in Frameworks */ = {isa = PBXBuildFile; productRef = 4E1DCB3B2BFE62E200E8903B /* AlamofireDynamic */; };
		4E1DCB3E2BFE65C800E8903B /* HttpRouter.swift in Sources */ = {isa = PBXBuildFile; fileRef = 4E1DCB3D2BFE65C800E8903B /* HttpRouter.swift */; };
		4E1DCB402BFE677500E8903B /* HttpService.swift in Sources */ = {isa = PBXBuildFile; fileRef = 4E1DCB3F2BFE677500E8903B /* HttpService.swift */; };
		4E1DCB422BFE93DD00E8903B /* GroceryHttpService.swift in Sources */ = {isa = PBXBuildFile; fileRef = 4E1DCB412BFE93DD00E8903B /* GroceryHttpService.swift */; };
		4E1DCB442BFE966F00E8903B /* GroceryHttpRouter.swift in Sources */ = {isa = PBXBuildFile; fileRef = 4E1DCB432BFE966F00E8903B /* GroceryHttpRouter.swift */; };
		4E1DCB472BFE9FFE00E8903B /* GroceriesAPI.swift in Sources */ = {isa = PBXBuildFile; fileRef = 4E1DCB462BFE9FFE00E8903B /* GroceriesAPI.swift */; };
		4E1DCB492BFEA53500E8903B /* Category.swift in Sources */ = {isa = PBXBuildFile; fileRef = 4E1DCB482BFEA53500E8903B /* Category.swift */; };
		4E1DCB4B2BFEA6E500E8903B /* GroceryService.swift in Sources */ = {isa = PBXBuildFile; fileRef = 4E1DCB4A2BFEA6E500E8903B /* GroceryService.swift */; };
		4E1DCB4D2BFEA71900E8903B /* ImagesAPI.swift in Sources */ = {isa = PBXBuildFile; fileRef = 4E1DCB4C2BFEA71900E8903B /* ImagesAPI.swift */; };
		4E1DCB502C001BC000E8903B /* CategoryView.swift in Sources */ = {isa = PBXBuildFile; fileRef = 4E1DCB4E2C001BBF00E8903B /* CategoryView.swift */; };
		4E1DCB512C001BC000E8903B /* CategoryView.xib in Resources */ = {isa = PBXBuildFile; fileRef = 4E1DCB4F2C001BC000E8903B /* CategoryView.xib */; };
		4E1DCB532C0A3D3400E8903B /* ImageInteractor.swift in Sources */ = {isa = PBXBuildFile; fileRef = 4E1DCB522C0A3D3400E8903B /* ImageInteractor.swift */; };
		4E1DCB572C0BCFAB00E8903B /* Dishes.storyboard in Resources */ = {isa = PBXBuildFile; fileRef = 4E1DCB562C0BCFAB00E8903B /* Dishes.storyboard */; };
		4E1DCB592C0BD03600E8903B /* DishesListViewController.swift in Sources */ = {isa = PBXBuildFile; fileRef = 4E1DCB582C0BD03600E8903B /* DishesListViewController.swift */; };
		4E1DCB5B2C0CBCDC00E8903B /* DishesListPresenter.swift in Sources */ = {isa = PBXBuildFile; fileRef = 4E1DCB5A2C0CBCDC00E8903B /* DishesListPresenter.swift */; };
		4E1DCB5D2C0D353000E8903B /* DishesListRouter.swift in Sources */ = {isa = PBXBuildFile; fileRef = 4E1DCB5C2C0D353000E8903B /* DishesListRouter.swift */; };
		4E1DCB5F2C0D363B00E8903B /* DishesListModuleBuilder.swift in Sources */ = {isa = PBXBuildFile; fileRef = 4E1DCB5E2C0D363B00E8903B /* DishesListModuleBuilder.swift */; };
		4E1DCB612C0D506700E8903B /* ImageHttpRouter.swift in Sources */ = {isa = PBXBuildFile; fileRef = 4E1DCB602C0D506700E8903B /* ImageHttpRouter.swift */; };
		4E1DCB632C0D535400E8903B /* ImageHttpService.swift in Sources */ = {isa = PBXBuildFile; fileRef = 4E1DCB622C0D535400E8903B /* ImageHttpService.swift */; };
		4E1DCB662C0D53F900E8903B /* AlamofireImage in Frameworks */ = {isa = PBXBuildFile; productRef = 4E1DCB652C0D53F900E8903B /* AlamofireImage */; };
		4E2772E52C11459F0017E4EE /* Meal.swift in Sources */ = {isa = PBXBuildFile; fileRef = 4E2772E42C11459F0017E4EE /* Meal.swift */; };
		4E66B90E2BF7BC33003DC62D /* UIColor+Extension.swift in Sources */ = {isa = PBXBuildFile; fileRef = 4E66B90D2BF7BC33003DC62D /* UIColor+Extension.swift */; };
		4E66B9122BF7C41C003DC62D /* NavigationBuilder.swift in Sources */ = {isa = PBXBuildFile; fileRef = 4E66B9112BF7C41C003DC62D /* NavigationBuilder.swift */; };
		4E66B9152BF7FBAC003DC62D /* Database.swift in Sources */ = {isa = PBXBuildFile; fileRef = 4E66B9142BF7FBAC003DC62D /* Database.swift */; };
		4E66B9172BF7FDD3003DC62D /* CartDB.swift in Sources */ = {isa = PBXBuildFile; fileRef = 4E66B9162BF7FDD3003DC62D /* CartDB.swift */; };
		4E66B9192BF7FE9B003DC62D /* CartItem.swift in Sources */ = {isa = PBXBuildFile; fileRef = 4E66B9182BF7FE9B003DC62D /* CartItem.swift */; };
		4E66B9292BF80240003DC62D /* RealmSwift in Frameworks */ = {isa = PBXBuildFile; productRef = 4E66B9282BF80240003DC62D /* RealmSwift */; };
		4E66B92B2BF80430003DC62D /* RealmCartItem.swift in Sources */ = {isa = PBXBuildFile; fileRef = 4E66B92A2BF80430003DC62D /* RealmCartItem.swift */; };
		4E66B92E2BF979A9003DC62D /* CartViewController.swift in Sources */ = {isa = PBXBuildFile; fileRef = 4E66B92D2BF979A9003DC62D /* CartViewController.swift */; };
		4E66B9302BF979BB003DC62D /* Cart.storyboard in Resources */ = {isa = PBXBuildFile; fileRef = 4E66B92F2BF979BB003DC62D /* Cart.storyboard */; };
		4E66B9322BF97B0D003DC62D /* CartModuleBuilder.swift in Sources */ = {isa = PBXBuildFile; fileRef = 4E66B9312BF97B0D003DC62D /* CartModuleBuilder.swift */; };
		4E66B9362BF97CCE003DC62D /* ProfileViewController.swift in Sources */ = {isa = PBXBuildFile; fileRef = 4E66B9342BF97CCE003DC62D /* ProfileViewController.swift */; };
		4E66B9392BF97D29003DC62D /* ProfileModuleBuilder.swift in Sources */ = {isa = PBXBuildFile; fileRef = 4E66B9382BF97D29003DC62D /* ProfileModuleBuilder.swift */; };
		4E66B93C2BF97E6E003DC62D /* GroceryTabBarController.swift in Sources */ = {isa = PBXBuildFile; fileRef = 4E66B93B2BF97E6E003DC62D /* GroceryTabBarController.swift */; };
		4E66B93E2BF97F3B003DC62D /* TabBarModuleBuilder.swift in Sources */ = {isa = PBXBuildFile; fileRef = 4E66B93D2BF97F3B003DC62D /* TabBarModuleBuilder.swift */; };
		4E66B9402BF97F6A003DC62D /* TabBarRouter.swift in Sources */ = {isa = PBXBuildFile; fileRef = 4E66B93F2BF97F6A003DC62D /* TabBarRouter.swift */; };
		4E66B9422BF98BB2003DC62D /* Profile.storyboard in Resources */ = {isa = PBXBuildFile; fileRef = 4E66B9412BF98BB2003DC62D /* Profile.storyboard */; };
		4E66B9442BFA3A77003DC62D /* CartInteractor.swift in Sources */ = {isa = PBXBuildFile; fileRef = 4E66B9432BFA3A77003DC62D /* CartInteractor.swift */; };
		4E66B9462BFA448A003DC62D /* TabBarPresenter.swift in Sources */ = {isa = PBXBuildFile; fileRef = 4E66B9452BFA448A003DC62D /* TabBarPresenter.swift */; };
		4EB3728A2BEFBACA00078401 /* GroceryItemCell.swift in Sources */ = {isa = PBXBuildFile; fileRef = 4EB372882BEFBACA00078401 /* GroceryItemCell.swift */; };
		4EB3728B2BEFBACA00078401 /* GroceryItemCell.xib in Resources */ = {isa = PBXBuildFile; fileRef = 4EB372892BEFBACA00078401 /* GroceryItemCell.xib */; };
		4EB3728E2BEFD1DF00078401 /* StubService.swift in Sources */ = {isa = PBXBuildFile; fileRef = 4EB3728D2BEFD1DF00078401 /* StubService.swift */; };
		4EB372912BEFF18700078401 /* GroceryResult.swift in Sources */ = {isa = PBXBuildFile; fileRef = 4EB372902BEFF18700078401 /* GroceryResult.swift */; };
		4EB372932BF434D100078401 /* products.json in Resources */ = {isa = PBXBuildFile; fileRef = 4EB372922BF434D100078401 /* products.json */; };
		4EBA32DC2BE85B3E0092104D /* ViewLoadable.swift in Sources */ = {isa = PBXBuildFile; fileRef = 4EBA32DB2BE85B3E0092104D /* ViewLoadable.swift */; };
		4EBA32F22BE893CF0092104D /* AddBagControl.swift in Sources */ = {isa = PBXBuildFile; fileRef = 4EBA32F02BE893CF0092104D /* AddBagControl.swift */; };
		4EBA32F32BE893CF0092104D /* AddBagControl.xib in Resources */ = {isa = PBXBuildFile; fileRef = 4EBA32F12BE893CF0092104D /* AddBagControl.xib */; };
/* End PBXBuildFile section */

/* Begin PBXFileReference section */
		4E0064FA2BCD80E300B36CCC /* GreenGrocery.app */ = {isa = PBXFileReference; explicitFileType = wrapper.application; includeInIndex = 0; path = GreenGrocery.app; sourceTree = BUILT_PRODUCTS_DIR; };
		4E0064FD2BCD80E300B36CCC /* AppDelegate.swift */ = {isa = PBXFileReference; lastKnownFileType = sourcecode.swift; path = AppDelegate.swift; sourceTree = "<group>"; };
		4E0064FF2BCD80E300B36CCC /* SceneDelegate.swift */ = {isa = PBXFileReference; lastKnownFileType = sourcecode.swift; path = SceneDelegate.swift; sourceTree = "<group>"; };
		4E0065012BCD80E300B36CCC /* HomeViewController.swift */ = {isa = PBXFileReference; lastKnownFileType = sourcecode.swift; path = HomeViewController.swift; sourceTree = "<group>"; };
		4E0065042BCD80E300B36CCC /* Base */ = {isa = PBXFileReference; lastKnownFileType = file.storyboard; name = Base; path = Base.lproj/Main.storyboard; sourceTree = "<group>"; };
		4E0065062BCD80E400B36CCC /* Assets.xcassets */ = {isa = PBXFileReference; lastKnownFileType = folder.assetcatalog; path = Assets.xcassets; sourceTree = "<group>"; };
		4E0065092BCD80E400B36CCC /* Base */ = {isa = PBXFileReference; lastKnownFileType = file.storyboard; name = Base; path = Base.lproj/LaunchScreen.storyboard; sourceTree = "<group>"; };
		4E00650B2BCD80E400B36CCC /* Info.plist */ = {isa = PBXFileReference; lastKnownFileType = text.plist.xml; path = Info.plist; sourceTree = "<group>"; };
		4E0065122BCD86E000B36CCC /* HomePresenter.swift */ = {isa = PBXFileReference; lastKnownFileType = sourcecode.swift; path = HomePresenter.swift; sourceTree = "<group>"; };
		4E0065142BCD879C00B36CCC /* HomeRouter.swift */ = {isa = PBXFileReference; lastKnownFileType = sourcecode.swift; path = HomeRouter.swift; sourceTree = "<group>"; };
		4E0065162BCD87FB00B36CCC /* DishesInteractor.swift */ = {isa = PBXFileReference; lastKnownFileType = sourcecode.swift; path = DishesInteractor.swift; sourceTree = "<group>"; };
		4E0065182BCD894F00B36CCC /* HomeModel.swift */ = {isa = PBXFileReference; lastKnownFileType = sourcecode.swift; path = HomeModel.swift; sourceTree = "<group>"; };
		4E00651B2BCD8A8900B36CCC /* HomeModuleBuilder.swift */ = {isa = PBXFileReference; lastKnownFileType = sourcecode.swift; path = HomeModuleBuilder.swift; sourceTree = "<group>"; };
		4E1DCB3D2BFE65C800E8903B /* HttpRouter.swift */ = {isa = PBXFileReference; lastKnownFileType = sourcecode.swift; path = HttpRouter.swift; sourceTree = "<group>"; };
		4E1DCB3F2BFE677500E8903B /* HttpService.swift */ = {isa = PBXFileReference; lastKnownFileType = sourcecode.swift; path = HttpService.swift; sourceTree = "<group>"; };
		4E1DCB412BFE93DD00E8903B /* GroceryHttpService.swift */ = {isa = PBXFileReference; lastKnownFileType = sourcecode.swift; path = GroceryHttpService.swift; sourceTree = "<group>"; };
		4E1DCB432BFE966F00E8903B /* GroceryHttpRouter.swift */ = {isa = PBXFileReference; lastKnownFileType = sourcecode.swift; path = GroceryHttpRouter.swift; sourceTree = "<group>"; };
		4E1DCB462BFE9FFE00E8903B /* GroceriesAPI.swift */ = {isa = PBXFileReference; lastKnownFileType = sourcecode.swift; path = GroceriesAPI.swift; sourceTree = "<group>"; };
		4E1DCB482BFEA53500E8903B /* Category.swift */ = {isa = PBXFileReference; lastKnownFileType = sourcecode.swift; path = Category.swift; sourceTree = "<group>"; };
		4E1DCB4A2BFEA6E500E8903B /* GroceryService.swift */ = {isa = PBXFileReference; lastKnownFileType = sourcecode.swift; path = GroceryService.swift; sourceTree = "<group>"; };
		4E1DCB4C2BFEA71900E8903B /* ImagesAPI.swift */ = {isa = PBXFileReference; lastKnownFileType = sourcecode.swift; path = ImagesAPI.swift; sourceTree = "<group>"; };
		4E1DCB4E2C001BBF00E8903B /* CategoryView.swift */ = {isa = PBXFileReference; fileEncoding = 4; lastKnownFileType = sourcecode.swift; path = CategoryView.swift; sourceTree = "<group>"; };
		4E1DCB4F2C001BC000E8903B /* CategoryView.xib */ = {isa = PBXFileReference; fileEncoding = 4; lastKnownFileType = file.xib; path = CategoryView.xib; sourceTree = "<group>"; };
		4E1DCB522C0A3D3400E8903B /* ImageInteractor.swift */ = {isa = PBXFileReference; lastKnownFileType = sourcecode.swift; path = ImageInteractor.swift; sourceTree = "<group>"; };
		4E1DCB562C0BCFAB00E8903B /* Dishes.storyboard */ = {isa = PBXFileReference; lastKnownFileType = file.storyboard; path = Dishes.storyboard; sourceTree = "<group>"; };
		4E1DCB582C0BD03600E8903B /* DishesListViewController.swift */ = {isa = PBXFileReference; lastKnownFileType = sourcecode.swift; path = DishesListViewController.swift; sourceTree = "<group>"; };
		4E1DCB5A2C0CBCDC00E8903B /* DishesListPresenter.swift */ = {isa = PBXFileReference; lastKnownFileType = sourcecode.swift; path = DishesListPresenter.swift; sourceTree = "<group>"; };
		4E1DCB5C2C0D353000E8903B /* DishesListRouter.swift */ = {isa = PBXFileReference; lastKnownFileType = sourcecode.swift; path = DishesListRouter.swift; sourceTree = "<group>"; };
		4E1DCB5E2C0D363B00E8903B /* DishesListModuleBuilder.swift */ = {isa = PBXFileReference; lastKnownFileType = sourcecode.swift; path = DishesListModuleBuilder.swift; sourceTree = "<group>"; };
		4E1DCB602C0D506700E8903B /* ImageHttpRouter.swift */ = {isa = PBXFileReference; lastKnownFileType = sourcecode.swift; path = ImageHttpRouter.swift; sourceTree = "<group>"; };
		4E1DCB622C0D535400E8903B /* ImageHttpService.swift */ = {isa = PBXFileReference; lastKnownFileType = sourcecode.swift; path = ImageHttpService.swift; sourceTree = "<group>"; };
		4E2772E42C11459F0017E4EE /* Meal.swift */ = {isa = PBXFileReference; lastKnownFileType = sourcecode.swift; path = Meal.swift; sourceTree = "<group>"; };
		4E66B90D2BF7BC33003DC62D /* UIColor+Extension.swift */ = {isa = PBXFileReference; lastKnownFileType = sourcecode.swift; path = "UIColor+Extension.swift"; sourceTree = "<group>"; };
		4E66B9112BF7C41C003DC62D /* NavigationBuilder.swift */ = {isa = PBXFileReference; lastKnownFileType = sourcecode.swift; path = NavigationBuilder.swift; sourceTree = "<group>"; };
		4E66B9142BF7FBAC003DC62D /* Database.swift */ = {isa = PBXFileReference; lastKnownFileType = sourcecode.swift; path = Database.swift; sourceTree = "<group>"; };
		4E66B9162BF7FDD3003DC62D /* CartDB.swift */ = {isa = PBXFileReference; lastKnownFileType = sourcecode.swift; path = CartDB.swift; sourceTree = "<group>"; };
		4E66B9182BF7FE9B003DC62D /* CartItem.swift */ = {isa = PBXFileReference; lastKnownFileType = sourcecode.swift; path = CartItem.swift; sourceTree = "<group>"; };
		4E66B92A2BF80430003DC62D /* RealmCartItem.swift */ = {isa = PBXFileReference; lastKnownFileType = sourcecode.swift; path = RealmCartItem.swift; sourceTree = "<group>"; };
		4E66B92D2BF979A9003DC62D /* CartViewController.swift */ = {isa = PBXFileReference; lastKnownFileType = sourcecode.swift; path = CartViewController.swift; sourceTree = "<group>"; };
		4E66B92F2BF979BB003DC62D /* Cart.storyboard */ = {isa = PBXFileReference; lastKnownFileType = file.storyboard; path = Cart.storyboard; sourceTree = "<group>"; };
		4E66B9312BF97B0D003DC62D /* CartModuleBuilder.swift */ = {isa = PBXFileReference; lastKnownFileType = sourcecode.swift; path = CartModuleBuilder.swift; sourceTree = "<group>"; };
		4E66B9342BF97CCE003DC62D /* ProfileViewController.swift */ = {isa = PBXFileReference; lastKnownFileType = sourcecode.swift; path = ProfileViewController.swift; sourceTree = "<group>"; };
		4E66B9382BF97D29003DC62D /* ProfileModuleBuilder.swift */ = {isa = PBXFileReference; lastKnownFileType = sourcecode.swift; path = ProfileModuleBuilder.swift; sourceTree = "<group>"; };
		4E66B93B2BF97E6E003DC62D /* GroceryTabBarController.swift */ = {isa = PBXFileReference; lastKnownFileType = sourcecode.swift; path = GroceryTabBarController.swift; sourceTree = "<group>"; };
		4E66B93D2BF97F3B003DC62D /* TabBarModuleBuilder.swift */ = {isa = PBXFileReference; lastKnownFileType = sourcecode.swift; path = TabBarModuleBuilder.swift; sourceTree = "<group>"; };
		4E66B93F2BF97F6A003DC62D /* TabBarRouter.swift */ = {isa = PBXFileReference; lastKnownFileType = sourcecode.swift; path = TabBarRouter.swift; sourceTree = "<group>"; };
		4E66B9412BF98BB2003DC62D /* Profile.storyboard */ = {isa = PBXFileReference; lastKnownFileType = file.storyboard; path = Profile.storyboard; sourceTree = "<group>"; };
		4E66B9432BFA3A77003DC62D /* CartInteractor.swift */ = {isa = PBXFileReference; lastKnownFileType = sourcecode.swift; path = CartInteractor.swift; sourceTree = "<group>"; };
		4E66B9452BFA448A003DC62D /* TabBarPresenter.swift */ = {isa = PBXFileReference; lastKnownFileType = sourcecode.swift; path = TabBarPresenter.swift; sourceTree = "<group>"; };
		4EB372882BEFBACA00078401 /* GroceryItemCell.swift */ = {isa = PBXFileReference; lastKnownFileType = sourcecode.swift; path = GroceryItemCell.swift; sourceTree = "<group>"; };
		4EB372892BEFBACA00078401 /* GroceryItemCell.xib */ = {isa = PBXFileReference; lastKnownFileType = file.xib; path = GroceryItemCell.xib; sourceTree = "<group>"; };
		4EB3728D2BEFD1DF00078401 /* StubService.swift */ = {isa = PBXFileReference; lastKnownFileType = sourcecode.swift; path = StubService.swift; sourceTree = "<group>"; };
		4EB372902BEFF18700078401 /* GroceryResult.swift */ = {isa = PBXFileReference; lastKnownFileType = sourcecode.swift; path = GroceryResult.swift; sourceTree = "<group>"; };
		4EB372922BF434D100078401 /* products.json */ = {isa = PBXFileReference; fileEncoding = 4; lastKnownFileType = text.json; path = products.json; sourceTree = "<group>"; };
		4EBA32DB2BE85B3E0092104D /* ViewLoadable.swift */ = {isa = PBXFileReference; lastKnownFileType = sourcecode.swift; path = ViewLoadable.swift; sourceTree = "<group>"; };
		4EBA32F02BE893CF0092104D /* AddBagControl.swift */ = {isa = PBXFileReference; lastKnownFileType = sourcecode.swift; path = AddBagControl.swift; sourceTree = "<group>"; };
		4EBA32F12BE893CF0092104D /* AddBagControl.xib */ = {isa = PBXFileReference; lastKnownFileType = file.xib; path = AddBagControl.xib; sourceTree = "<group>"; };
/* End PBXFileReference section */

/* Begin PBXFrameworksBuildPhase section */
		4E0064F72BCD80E300B36CCC /* Frameworks */ = {
			isa = PBXFrameworksBuildPhase;
			buildActionMask = 2147483647;
			files = (
				4E66B9292BF80240003DC62D /* RealmSwift in Frameworks */,
				4E1DCB662C0D53F900E8903B /* AlamofireImage in Frameworks */,
				4E1DCB3C2BFE62E200E8903B /* AlamofireDynamic in Frameworks */,
				4E1DCB3A2BFE62E200E8903B /* Alamofire in Frameworks */,
			);
			runOnlyForDeploymentPostprocessing = 0;
		};
/* End PBXFrameworksBuildPhase section */

/* Begin PBXGroup section */
		4E0064F12BCD80E300B36CCC = {
			isa = PBXGroup;
			children = (
				4EB372922BF434D100078401 /* products.json */,
				4E0064FC2BCD80E300B36CCC /* GreenGrocery */,
				4E0064FB2BCD80E300B36CCC /* Products */,
			);
			sourceTree = "<group>";
		};
		4E0064FB2BCD80E300B36CCC /* Products */ = {
			isa = PBXGroup;
			children = (
				4E0064FA2BCD80E300B36CCC /* GreenGrocery.app */,
			);
			name = Products;
			sourceTree = "<group>";
		};
		4E0064FC2BCD80E300B36CCC /* GreenGrocery */ = {
			isa = PBXGroup;
			children = (
				4EB3728C2BEFD16800078401 /* Service */,
				4E1DCB372BFCFCC500E8903B /* Interactor */,
				4E66B9132BF7FAF5003DC62D /* Database */,
				4EB3728F2BEFF17900078401 /* Model */,
				4E1DCB452BFE9F2800E8903B /* HttpService */,
				4EBA32DA2BE85AC00092104D /* shared */,
				4E00651A2BCD899900B36CCC /* Entity */,
				4E0065112BCD812600B36CCC /* Modules */,
				4E0064FD2BCD80E300B36CCC /* AppDelegate.swift */,
				4E0064FF2BCD80E300B36CCC /* SceneDelegate.swift */,
				4E0065062BCD80E400B36CCC /* Assets.xcassets */,
				4E0065082BCD80E400B36CCC /* LaunchScreen.storyboard */,
				4E00650B2BCD80E400B36CCC /* Info.plist */,
			);
			path = GreenGrocery;
			sourceTree = "<group>";
		};
		4E0065112BCD812600B36CCC /* Modules */ = {
			isa = PBXGroup;
			children = (
				4E1DCB542C0BCEEF00E8903B /* Dishes */,
				4E66B93A2BF97E24003DC62D /* TabBar */,
				4E66B9332BF97C96003DC62D /* Profile */,
				4E66B92C2BF978FC003DC62D /* Cart */,
				4E66B9102BF7BD8E003DC62D /* Navigation */,
				4EBA32EF2BE893650092104D /* Control */,
				4E66B90C2BF7BA9C003DC62D /* Home */,
			);
			path = Modules;
			sourceTree = "<group>";
		};
		4E00651A2BCD899900B36CCC /* Entity */ = {
			isa = PBXGroup;
			children = (
				4E0065182BCD894F00B36CCC /* HomeModel.swift */,
			);
			path = Entity;
			sourceTree = "<group>";
		};
		4E1DCB372BFCFCC500E8903B /* Interactor */ = {
			isa = PBXGroup;
			children = (
				4E0065162BCD87FB00B36CCC /* DishesInteractor.swift */,
				4E66B9432BFA3A77003DC62D /* CartInteractor.swift */,
				4E1DCB522C0A3D3400E8903B /* ImageInteractor.swift */,
			);
			path = Interactor;
			sourceTree = "<group>";
		};
		4E1DCB452BFE9F2800E8903B /* HttpService */ = {
			isa = PBXGroup;
			children = (
				4EB3728D2BEFD1DF00078401 /* StubService.swift */,
				4E1DCB462BFE9FFE00E8903B /* GroceriesAPI.swift */,
				4E1DCB4A2BFEA6E500E8903B /* GroceryService.swift */,
				4E1DCB4C2BFEA71900E8903B /* ImagesAPI.swift */,
			);
			path = HttpService;
			sourceTree = "<group>";
		};
		4E1DCB542C0BCEEF00E8903B /* Dishes */ = {
			isa = PBXGroup;
			children = (
				4EF2DFE52BD048780030633D /* Cell */,
				4E1DCB582C0BD03600E8903B /* DishesListViewController.swift */,
				4E1DCB5A2C0CBCDC00E8903B /* DishesListPresenter.swift */,
				4E1DCB5C2C0D353000E8903B /* DishesListRouter.swift */,
				4E1DCB5E2C0D363B00E8903B /* DishesListModuleBuilder.swift */,
				4E1DCB562C0BCFAB00E8903B /* Dishes.storyboard */,
			);
			path = Dishes;
			sourceTree = "<group>";
		};
		4E66B90C2BF7BA9C003DC62D /* Home */ = {
			isa = PBXGroup;
			children = (
				4E0065032BCD80E300B36CCC /* Main.storyboard */,
				4E0065012BCD80E300B36CCC /* HomeViewController.swift */,
				4E0065122BCD86E000B36CCC /* HomePresenter.swift */,
				4E0065142BCD879C00B36CCC /* HomeRouter.swift */,
				4E00651B2BCD8A8900B36CCC /* HomeModuleBuilder.swift */,
			);
			path = Home;
			sourceTree = "<group>";
		};
		4E66B9102BF7BD8E003DC62D /* Navigation */ = {
			isa = PBXGroup;
			children = (
				4E66B9112BF7C41C003DC62D /* NavigationBuilder.swift */,
			);
			path = Navigation;
			sourceTree = "<group>";
		};
		4E66B9132BF7FAF5003DC62D /* Database */ = {
			isa = PBXGroup;
			children = (
				4E66B91A2BF80009003DC62D /* Entity */,
				4E66B9142BF7FBAC003DC62D /* Database.swift */,
				4E66B9162BF7FDD3003DC62D /* CartDB.swift */,
			);
			path = Database;
			sourceTree = "<group>";
		};
		4E66B91A2BF80009003DC62D /* Entity */ = {
			isa = PBXGroup;
			children = (
				4E66B92A2BF80430003DC62D /* RealmCartItem.swift */,
			);
			path = Entity;
			sourceTree = "<group>";
		};
		4E66B92C2BF978FC003DC62D /* Cart */ = {
			isa = PBXGroup;
			children = (
				4E66B92D2BF979A9003DC62D /* CartViewController.swift */,
				4E66B92F2BF979BB003DC62D /* Cart.storyboard */,
				4E66B9312BF97B0D003DC62D /* CartModuleBuilder.swift */,
			);
			path = Cart;
			sourceTree = "<group>";
		};
		4E66B9332BF97C96003DC62D /* Profile */ = {
			isa = PBXGroup;
			children = (
				4E66B9342BF97CCE003DC62D /* ProfileViewController.swift */,
				4E66B9412BF98BB2003DC62D /* Profile.storyboard */,
				4E66B9382BF97D29003DC62D /* ProfileModuleBuilder.swift */,
			);
			path = Profile;
			sourceTree = "<group>";
		};
		4E66B93A2BF97E24003DC62D /* TabBar */ = {
			isa = PBXGroup;
			children = (
				4E66B93B2BF97E6E003DC62D /* GroceryTabBarController.swift */,
				4E66B93F2BF97F6A003DC62D /* TabBarRouter.swift */,
				4E66B9452BFA448A003DC62D /* TabBarPresenter.swift */,
				4E66B93D2BF97F3B003DC62D /* TabBarModuleBuilder.swift */,
			);
			path = TabBar;
			sourceTree = "<group>";
		};
		4EB3728C2BEFD16800078401 /* Service */ = {
			isa = PBXGroup;
			children = (
				4E1DCB3D2BFE65C800E8903B /* HttpRouter.swift */,
				4E1DCB3F2BFE677500E8903B /* HttpService.swift */,
				4E1DCB412BFE93DD00E8903B /* GroceryHttpService.swift */,
				4E1DCB432BFE966F00E8903B /* GroceryHttpRouter.swift */,
				4E1DCB602C0D506700E8903B /* ImageHttpRouter.swift */,
				4E1DCB622C0D535400E8903B /* ImageHttpService.swift */,
			);
			path = Service;
			sourceTree = "<group>";
		};
		4EB3728F2BEFF17900078401 /* Model */ = {
			isa = PBXGroup;
			children = (
				4EB372902BEFF18700078401 /* GroceryResult.swift */,
				4E66B9182BF7FE9B003DC62D /* CartItem.swift */,
				4E1DCB482BFEA53500E8903B /* Category.swift */,
				4E2772E42C11459F0017E4EE /* Meal.swift */,
			);
			path = Model;
			sourceTree = "<group>";
		};
		4EBA32DA2BE85AC00092104D /* shared */ = {
			isa = PBXGroup;
			children = (
				4EBA32DB2BE85B3E0092104D /* ViewLoadable.swift */,
				4E66B90D2BF7BC33003DC62D /* UIColor+Extension.swift */,
			);
			path = shared;
			sourceTree = "<group>";
		};
		4EBA32EF2BE893650092104D /* Control */ = {
			isa = PBXGroup;
			children = (
				4E1DCB4E2C001BBF00E8903B /* CategoryView.swift */,
				4E1DCB4F2C001BC000E8903B /* CategoryView.xib */,
				4EBA32F02BE893CF0092104D /* AddBagControl.swift */,
				4EBA32F12BE893CF0092104D /* AddBagControl.xib */,
			);
			path = Control;
			sourceTree = "<group>";
		};
		4EF2DFE52BD048780030633D /* Cell */ = {
			isa = PBXGroup;
			children = (
				4EB372882BEFBACA00078401 /* GroceryItemCell.swift */,
				4EB372892BEFBACA00078401 /* GroceryItemCell.xib */,
			);
			path = Cell;
			sourceTree = "<group>";
		};
/* End PBXGroup section */

/* Begin PBXNativeTarget section */
		4E0064F92BCD80E300B36CCC /* GreenGrocery */ = {
			isa = PBXNativeTarget;
			buildConfigurationList = 4E00650E2BCD80E400B36CCC /* Build configuration list for PBXNativeTarget "GreenGrocery" */;
			buildPhases = (
				4E0064F62BCD80E300B36CCC /* Sources */,
				4E0064F72BCD80E300B36CCC /* Frameworks */,
				4E0064F82BCD80E300B36CCC /* Resources */,
			);
			buildRules = (
			);
			dependencies = (
			);
			name = GreenGrocery;
			packageProductDependencies = (
				4E66B9282BF80240003DC62D /* RealmSwift */,
				4E1DCB392BFE62E200E8903B /* Alamofire */,
				4E1DCB3B2BFE62E200E8903B /* AlamofireDynamic */,
				4E1DCB652C0D53F900E8903B /* AlamofireImage */,
			);
			productName = GreenGrocery;
			productReference = 4E0064FA2BCD80E300B36CCC /* GreenGrocery.app */;
			productType = "com.apple.product-type.application";
		};
/* End PBXNativeTarget section */

/* Begin PBXProject section */
		4E0064F22BCD80E300B36CCC /* Project object */ = {
			isa = PBXProject;
			attributes = {
				BuildIndependentTargetsInParallel = 1;
				LastSwiftUpdateCheck = 1520;
				LastUpgradeCheck = 1520;
				TargetAttributes = {
					4E0064F92BCD80E300B36CCC = {
						CreatedOnToolsVersion = 15.2;
					};
				};
			};
			buildConfigurationList = 4E0064F52BCD80E300B36CCC /* Build configuration list for PBXProject "GreenGrocery" */;
			compatibilityVersion = "Xcode 14.0";
			developmentRegion = en;
			hasScannedForEncodings = 0;
			knownRegions = (
				en,
				Base,
			);
			mainGroup = 4E0064F12BCD80E300B36CCC;
			packageReferences = (
				4E66B9252BF80240003DC62D /* XCRemoteSwiftPackageReference "realm-swift" */,
				4E1DCB382BFE62E200E8903B /* XCRemoteSwiftPackageReference "Alamofire" */,
				4E1DCB642C0D53F900E8903B /* XCRemoteSwiftPackageReference "AlamofireImage" */,
			);
			productRefGroup = 4E0064FB2BCD80E300B36CCC /* Products */;
			projectDirPath = "";
			projectRoot = "";
			targets = (
				4E0064F92BCD80E300B36CCC /* GreenGrocery */,
			);
		};
/* End PBXProject section */

/* Begin PBXResourcesBuildPhase section */
		4E0064F82BCD80E300B36CCC /* Resources */ = {
			isa = PBXResourcesBuildPhase;
			buildActionMask = 2147483647;
			files = (
				4E00650A2BCD80E400B36CCC /* LaunchScreen.storyboard in Resources */,
				4E1DCB512C001BC000E8903B /* CategoryView.xib in Resources */,
				4E0065072BCD80E400B36CCC /* Assets.xcassets in Resources */,
				4E66B9422BF98BB2003DC62D /* Profile.storyboard in Resources */,
				4EBA32F32BE893CF0092104D /* AddBagControl.xib in Resources */,
				4EB372932BF434D100078401 /* products.json in Resources */,
				4E0065052BCD80E300B36CCC /* Main.storyboard in Resources */,
				4EB3728B2BEFBACA00078401 /* GroceryItemCell.xib in Resources */,
				4E1DCB572C0BCFAB00E8903B /* Dishes.storyboard in Resources */,
				4E66B9302BF979BB003DC62D /* Cart.storyboard in Resources */,
			);
			runOnlyForDeploymentPostprocessing = 0;
		};
/* End PBXResourcesBuildPhase section */

/* Begin PBXSourcesBuildPhase section */
		4E0064F62BCD80E300B36CCC /* Sources */ = {
			isa = PBXSourcesBuildPhase;
			buildActionMask = 2147483647;
			files = (
				4E1DCB3E2BFE65C800E8903B /* HttpRouter.swift in Sources */,
				4E1DCB592C0BD03600E8903B /* DishesListViewController.swift in Sources */,
				4E66B9322BF97B0D003DC62D /* CartModuleBuilder.swift in Sources */,
				4E00651C2BCD8A8900B36CCC /* HomeModuleBuilder.swift in Sources */,
				4E1DCB472BFE9FFE00E8903B /* GroceriesAPI.swift in Sources */,
				4EBA32F22BE893CF0092104D /* AddBagControl.swift in Sources */,
				4EB372912BEFF18700078401 /* GroceryResult.swift in Sources */,
				4EB3728A2BEFBACA00078401 /* GroceryItemCell.swift in Sources */,
				4E1DCB5B2C0CBCDC00E8903B /* DishesListPresenter.swift in Sources */,
				4E66B9192BF7FE9B003DC62D /* CartItem.swift in Sources */,
				4E66B9362BF97CCE003DC62D /* ProfileViewController.swift in Sources */,
				4E0065022BCD80E300B36CCC /* HomeViewController.swift in Sources */,
				4E66B9462BFA448A003DC62D /* TabBarPresenter.swift in Sources */,
				4E1DCB632C0D535400E8903B /* ImageHttpService.swift in Sources */,
				4E1DCB492BFEA53500E8903B /* Category.swift in Sources */,
				4E0064FE2BCD80E300B36CCC /* AppDelegate.swift in Sources */,
				4E66B9152BF7FBAC003DC62D /* Database.swift in Sources */,
				4E66B9172BF7FDD3003DC62D /* CartDB.swift in Sources */,
				4E1DCB422BFE93DD00E8903B /* GroceryHttpService.swift in Sources */,
				4E1DCB442BFE966F00E8903B /* GroceryHttpRouter.swift in Sources */,
				4E66B93C2BF97E6E003DC62D /* GroceryTabBarController.swift in Sources */,
				4E0065002BCD80E300B36CCC /* SceneDelegate.swift in Sources */,
				4E66B90E2BF7BC33003DC62D /* UIColor+Extension.swift in Sources */,
				4EB3728E2BEFD1DF00078401 /* StubService.swift in Sources */,
				4E66B92E2BF979A9003DC62D /* CartViewController.swift in Sources */,
				4E0065192BCD894F00B36CCC /* HomeModel.swift in Sources */,
				4E1DCB4B2BFEA6E500E8903B /* GroceryService.swift in Sources */,
				4E1DCB5D2C0D353000E8903B /* DishesListRouter.swift in Sources */,
				4E0065172BCD87FB00B36CCC /* DishesInteractor.swift in Sources */,
				4E66B9402BF97F6A003DC62D /* TabBarRouter.swift in Sources */,
				4E1DCB5F2C0D363B00E8903B /* DishesListModuleBuilder.swift in Sources */,
				4E0065132BCD86E000B36CCC /* HomePresenter.swift in Sources */,
				4E66B92B2BF80430003DC62D /* RealmCartItem.swift in Sources */,
				4E66B9392BF97D29003DC62D /* ProfileModuleBuilder.swift in Sources */,
				4E1DCB502C001BC000E8903B /* CategoryView.swift in Sources */,
				4E1DCB532C0A3D3400E8903B /* ImageInteractor.swift in Sources */,
				4E66B93E2BF97F3B003DC62D /* TabBarModuleBuilder.swift in Sources */,
				4E0065152BCD879C00B36CCC /* HomeRouter.swift in Sources */,
				4E1DCB612C0D506700E8903B /* ImageHttpRouter.swift in Sources */,
				4EBA32DC2BE85B3E0092104D /* ViewLoadable.swift in Sources */,
				4E2772E52C11459F0017E4EE /* Meal.swift in Sources */,
				4E66B9122BF7C41C003DC62D /* NavigationBuilder.swift in Sources */,
				4E66B9442BFA3A77003DC62D /* CartInteractor.swift in Sources */,
				4E1DCB4D2BFEA71900E8903B /* ImagesAPI.swift in Sources */,
				4E1DCB402BFE677500E8903B /* HttpService.swift in Sources */,
			);
			runOnlyForDeploymentPostprocessing = 0;
		};
/* End PBXSourcesBuildPhase section */

/* Begin PBXVariantGroup section */
		4E0065032BCD80E300B36CCC /* Main.storyboard */ = {
			isa = PBXVariantGroup;
			children = (
				4E0065042BCD80E300B36CCC /* Base */,
			);
			name = Main.storyboard;
			sourceTree = "<group>";
		};
		4E0065082BCD80E400B36CCC /* LaunchScreen.storyboard */ = {
			isa = PBXVariantGroup;
			children = (
				4E0065092BCD80E400B36CCC /* Base */,
			);
			name = LaunchScreen.storyboard;
			sourceTree = "<group>";
		};
/* End PBXVariantGroup section */

/* Begin XCBuildConfiguration section */
		4E00650C2BCD80E400B36CCC /* Debug */ = {
			isa = XCBuildConfiguration;
			buildSettings = {
				ALWAYS_SEARCH_USER_PATHS = NO;
				ASSETCATALOG_COMPILER_GENERATE_SWIFT_ASSET_SYMBOL_EXTENSIONS = YES;
				CLANG_ANALYZER_NONNULL = YES;
				CLANG_ANALYZER_NUMBER_OBJECT_CONVERSION = YES_AGGRESSIVE;
				CLANG_CXX_LANGUAGE_STANDARD = "gnu++20";
				CLANG_ENABLE_MODULES = YES;
				CLANG_ENABLE_OBJC_ARC = YES;
				CLANG_ENABLE_OBJC_WEAK = YES;
				CLANG_WARN_BLOCK_CAPTURE_AUTORELEASING = YES;
				CLANG_WARN_BOOL_CONVERSION = YES;
				CLANG_WARN_COMMA = YES;
				CLANG_WARN_CONSTANT_CONVERSION = YES;
				CLANG_WARN_DEPRECATED_OBJC_IMPLEMENTATIONS = YES;
				CLANG_WARN_DIRECT_OBJC_ISA_USAGE = YES_ERROR;
				CLANG_WARN_DOCUMENTATION_COMMENTS = YES;
				CLANG_WARN_EMPTY_BODY = YES;
				CLANG_WARN_ENUM_CONVERSION = YES;
				CLANG_WARN_INFINITE_RECURSION = YES;
				CLANG_WARN_INT_CONVERSION = YES;
				CLANG_WARN_NON_LITERAL_NULL_CONVERSION = YES;
				CLANG_WARN_OBJC_IMPLICIT_RETAIN_SELF = YES;
				CLANG_WARN_OBJC_LITERAL_CONVERSION = YES;
				CLANG_WARN_OBJC_ROOT_CLASS = YES_ERROR;
				CLANG_WARN_QUOTED_INCLUDE_IN_FRAMEWORK_HEADER = YES;
				CLANG_WARN_RANGE_LOOP_ANALYSIS = YES;
				CLANG_WARN_STRICT_PROTOTYPES = YES;
				CLANG_WARN_SUSPICIOUS_MOVE = YES;
				CLANG_WARN_UNGUARDED_AVAILABILITY = YES_AGGRESSIVE;
				CLANG_WARN_UNREACHABLE_CODE = YES;
				CLANG_WARN__DUPLICATE_METHOD_MATCH = YES;
				COPY_PHASE_STRIP = NO;
				DEBUG_INFORMATION_FORMAT = dwarf;
				ENABLE_STRICT_OBJC_MSGSEND = YES;
				ENABLE_TESTABILITY = YES;
				ENABLE_USER_SCRIPT_SANDBOXING = YES;
				GCC_C_LANGUAGE_STANDARD = gnu17;
				GCC_DYNAMIC_NO_PIC = NO;
				GCC_NO_COMMON_BLOCKS = YES;
				GCC_OPTIMIZATION_LEVEL = 0;
				GCC_PREPROCESSOR_DEFINITIONS = (
					"DEBUG=1",
					"$(inherited)",
				);
				GCC_WARN_64_TO_32_BIT_CONVERSION = YES;
				GCC_WARN_ABOUT_RETURN_TYPE = YES_ERROR;
				GCC_WARN_UNDECLARED_SELECTOR = YES;
				GCC_WARN_UNINITIALIZED_AUTOS = YES_AGGRESSIVE;
				GCC_WARN_UNUSED_FUNCTION = YES;
				GCC_WARN_UNUSED_VARIABLE = YES;
				IPHONEOS_DEPLOYMENT_TARGET = 17.2;
				LOCALIZATION_PREFERS_STRING_CATALOGS = YES;
				MTL_ENABLE_DEBUG_INFO = INCLUDE_SOURCE;
				MTL_FAST_MATH = YES;
				ONLY_ACTIVE_ARCH = YES;
				SDKROOT = iphoneos;
				SWIFT_ACTIVE_COMPILATION_CONDITIONS = "DEBUG $(inherited)";
				SWIFT_OPTIMIZATION_LEVEL = "-Onone";
			};
			name = Debug;
		};
		4E00650D2BCD80E400B36CCC /* Release */ = {
			isa = XCBuildConfiguration;
			buildSettings = {
				ALWAYS_SEARCH_USER_PATHS = NO;
				ASSETCATALOG_COMPILER_GENERATE_SWIFT_ASSET_SYMBOL_EXTENSIONS = YES;
				CLANG_ANALYZER_NONNULL = YES;
				CLANG_ANALYZER_NUMBER_OBJECT_CONVERSION = YES_AGGRESSIVE;
				CLANG_CXX_LANGUAGE_STANDARD = "gnu++20";
				CLANG_ENABLE_MODULES = YES;
				CLANG_ENABLE_OBJC_ARC = YES;
				CLANG_ENABLE_OBJC_WEAK = YES;
				CLANG_WARN_BLOCK_CAPTURE_AUTORELEASING = YES;
				CLANG_WARN_BOOL_CONVERSION = YES;
				CLANG_WARN_COMMA = YES;
				CLANG_WARN_CONSTANT_CONVERSION = YES;
				CLANG_WARN_DEPRECATED_OBJC_IMPLEMENTATIONS = YES;
				CLANG_WARN_DIRECT_OBJC_ISA_USAGE = YES_ERROR;
				CLANG_WARN_DOCUMENTATION_COMMENTS = YES;
				CLANG_WARN_EMPTY_BODY = YES;
				CLANG_WARN_ENUM_CONVERSION = YES;
				CLANG_WARN_INFINITE_RECURSION = YES;
				CLANG_WARN_INT_CONVERSION = YES;
				CLANG_WARN_NON_LITERAL_NULL_CONVERSION = YES;
				CLANG_WARN_OBJC_IMPLICIT_RETAIN_SELF = YES;
				CLANG_WARN_OBJC_LITERAL_CONVERSION = YES;
				CLANG_WARN_OBJC_ROOT_CLASS = YES_ERROR;
				CLANG_WARN_QUOTED_INCLUDE_IN_FRAMEWORK_HEADER = YES;
				CLANG_WARN_RANGE_LOOP_ANALYSIS = YES;
				CLANG_WARN_STRICT_PROTOTYPES = YES;
				CLANG_WARN_SUSPICIOUS_MOVE = YES;
				CLANG_WARN_UNGUARDED_AVAILABILITY = YES_AGGRESSIVE;
				CLANG_WARN_UNREACHABLE_CODE = YES;
				CLANG_WARN__DUPLICATE_METHOD_MATCH = YES;
				COPY_PHASE_STRIP = NO;
				DEBUG_INFORMATION_FORMAT = "dwarf-with-dsym";
				ENABLE_NS_ASSERTIONS = NO;
				ENABLE_STRICT_OBJC_MSGSEND = YES;
				ENABLE_USER_SCRIPT_SANDBOXING = YES;
				GCC_C_LANGUAGE_STANDARD = gnu17;
				GCC_NO_COMMON_BLOCKS = YES;
				GCC_WARN_64_TO_32_BIT_CONVERSION = YES;
				GCC_WARN_ABOUT_RETURN_TYPE = YES_ERROR;
				GCC_WARN_UNDECLARED_SELECTOR = YES;
				GCC_WARN_UNINITIALIZED_AUTOS = YES_AGGRESSIVE;
				GCC_WARN_UNUSED_FUNCTION = YES;
				GCC_WARN_UNUSED_VARIABLE = YES;
				IPHONEOS_DEPLOYMENT_TARGET = 17.2;
				LOCALIZATION_PREFERS_STRING_CATALOGS = YES;
				MTL_ENABLE_DEBUG_INFO = NO;
				MTL_FAST_MATH = YES;
				SDKROOT = iphoneos;
				SWIFT_COMPILATION_MODE = wholemodule;
				VALIDATE_PRODUCT = YES;
			};
			name = Release;
		};
		4E00650F2BCD80E400B36CCC /* Debug */ = {
			isa = XCBuildConfiguration;
			buildSettings = {
				ASSETCATALOG_COMPILER_APPICON_NAME = AppIcon;
				ASSETCATALOG_COMPILER_GLOBAL_ACCENT_COLOR_NAME = AccentColor;
				CODE_SIGN_STYLE = Automatic;
				CURRENT_PROJECT_VERSION = 1;
				DEVELOPMENT_TEAM = 87W96M29JK;
				GENERATE_INFOPLIST_FILE = YES;
				INFOPLIST_FILE = GreenGrocery/Info.plist;
				INFOPLIST_KEY_UIApplicationSupportsIndirectInputEvents = YES;
				INFOPLIST_KEY_UILaunchStoryboardName = LaunchScreen;
				INFOPLIST_KEY_UIMainStoryboardFile = Main;
				INFOPLIST_KEY_UISupportedInterfaceOrientations = UIInterfaceOrientationPortrait;
				INFOPLIST_KEY_UISupportedInterfaceOrientations_iPad = "UIInterfaceOrientationLandscapeLeft UIInterfaceOrientationLandscapeRight UIInterfaceOrientationPortrait UIInterfaceOrientationPortraitUpsideDown";
				LD_RUNPATH_SEARCH_PATHS = (
					"$(inherited)",
					"@executable_path/Frameworks",
				);
				MARKETING_VERSION = 1.0;
				PRODUCT_BUNDLE_IDENTIFIER = com.Torres.GreenGrocery;
				PRODUCT_NAME = "$(TARGET_NAME)";
				SUPPORTED_PLATFORMS = "iphoneos iphonesimulator";
				SUPPORTS_MACCATALYST = NO;
				SUPPORTS_MAC_DESIGNED_FOR_IPHONE_IPAD = NO;
				SUPPORTS_XR_DESIGNED_FOR_IPHONE_IPAD = NO;
				SWIFT_EMIT_LOC_STRINGS = YES;
				SWIFT_VERSION = 5.0;
				TARGETED_DEVICE_FAMILY = 1;
			};
			name = Debug;
		};
		4E0065102BCD80E400B36CCC /* Release */ = {
			isa = XCBuildConfiguration;
			buildSettings = {
				ASSETCATALOG_COMPILER_APPICON_NAME = AppIcon;
				ASSETCATALOG_COMPILER_GLOBAL_ACCENT_COLOR_NAME = AccentColor;
				CODE_SIGN_STYLE = Automatic;
				CURRENT_PROJECT_VERSION = 1;
				DEVELOPMENT_TEAM = 87W96M29JK;
				GENERATE_INFOPLIST_FILE = YES;
				INFOPLIST_FILE = GreenGrocery/Info.plist;
				INFOPLIST_KEY_UIApplicationSupportsIndirectInputEvents = YES;
				INFOPLIST_KEY_UILaunchStoryboardName = LaunchScreen;
				INFOPLIST_KEY_UIMainStoryboardFile = Main;
				INFOPLIST_KEY_UISupportedInterfaceOrientations = UIInterfaceOrientationPortrait;
				INFOPLIST_KEY_UISupportedInterfaceOrientations_iPad = "UIInterfaceOrientationLandscapeLeft UIInterfaceOrientationLandscapeRight UIInterfaceOrientationPortrait UIInterfaceOrientationPortraitUpsideDown";
				LD_RUNPATH_SEARCH_PATHS = (
					"$(inherited)",
					"@executable_path/Frameworks",
				);
				MARKETING_VERSION = 1.0;
				PRODUCT_BUNDLE_IDENTIFIER = com.Torres.GreenGrocery;
				PRODUCT_NAME = "$(TARGET_NAME)";
				SUPPORTED_PLATFORMS = "iphoneos iphonesimulator";
				SUPPORTS_MACCATALYST = NO;
				SUPPORTS_MAC_DESIGNED_FOR_IPHONE_IPAD = NO;
				SUPPORTS_XR_DESIGNED_FOR_IPHONE_IPAD = NO;
				SWIFT_EMIT_LOC_STRINGS = YES;
				SWIFT_VERSION = 5.0;
				TARGETED_DEVICE_FAMILY = 1;
			};
			name = Release;
		};
/* End XCBuildConfiguration section */

/* Begin XCConfigurationList section */
		4E0064F52BCD80E300B36CCC /* Build configuration list for PBXProject "GreenGrocery" */ = {
			isa = XCConfigurationList;
			buildConfigurations = (
				4E00650C2BCD80E400B36CCC /* Debug */,
				4E00650D2BCD80E400B36CCC /* Release */,
			);
			defaultConfigurationIsVisible = 0;
			defaultConfigurationName = Release;
		};
		4E00650E2BCD80E400B36CCC /* Build configuration list for PBXNativeTarget "GreenGrocery" */ = {
			isa = XCConfigurationList;
			buildConfigurations = (
				4E00650F2BCD80E400B36CCC /* Debug */,
				4E0065102BCD80E400B36CCC /* Release */,
			);
			defaultConfigurationIsVisible = 0;
			defaultConfigurationName = Release;
		};
/* End XCConfigurationList section */

/* Begin XCRemoteSwiftPackageReference section */
		4E1DCB382BFE62E200E8903B /* XCRemoteSwiftPackageReference "Alamofire" */ = {
			isa = XCRemoteSwiftPackageReference;
			repositoryURL = "https://github.com/Alamofire/Alamofire.git";
			requirement = {
				kind = upToNextMajorVersion;
				minimumVersion = 5.9.1;
			};
		};
		4E1DCB642C0D53F900E8903B /* XCRemoteSwiftPackageReference "AlamofireImage" */ = {
			isa = XCRemoteSwiftPackageReference;
			repositoryURL = "https://github.com/Alamofire/AlamofireImage";
			requirement = {
				kind = upToNextMajorVersion;
				minimumVersion = 4.3.0;
			};
		};
		4E66B9252BF80240003DC62D /* XCRemoteSwiftPackageReference "realm-swift" */ = {
			isa = XCRemoteSwiftPackageReference;
			repositoryURL = "https://github.com/realm/realm-swift";
			requirement = {
				branch = master;
				kind = branch;
			};
		};
/* End XCRemoteSwiftPackageReference section */

/* Begin XCSwiftPackageProductDependency section */
		4E1DCB392BFE62E200E8903B /* Alamofire */ = {
			isa = XCSwiftPackageProductDependency;
			package = 4E1DCB382BFE62E200E8903B /* XCRemoteSwiftPackageReference "Alamofire" */;
			productName = Alamofire;
		};
		4E1DCB3B2BFE62E200E8903B /* AlamofireDynamic */ = {
			isa = XCSwiftPackageProductDependency;
			package = 4E1DCB382BFE62E200E8903B /* XCRemoteSwiftPackageReference "Alamofire" */;
			productName = AlamofireDynamic;
		};
		4E1DCB652C0D53F900E8903B /* AlamofireImage */ = {
			isa = XCSwiftPackageProductDependency;
			package = 4E1DCB642C0D53F900E8903B /* XCRemoteSwiftPackageReference "AlamofireImage" */;
			productName = AlamofireImage;
		};
		4E66B9282BF80240003DC62D /* RealmSwift */ = {
			isa = XCSwiftPackageProductDependency;
			package = 4E66B9252BF80240003DC62D /* XCRemoteSwiftPackageReference "realm-swift" */;
			productName = RealmSwift;
		};
/* End XCSwiftPackageProductDependency section */
	};
	rootObject = 4E0064F22BCD80E300B36CCC /* Project object */;
}
